{
  "pins" : [
    {
      "identity" : "blobby-swift",
      "kind" : "remoteSourceControl",
      "location" : "https://github.com/nixberg/blobby-swift",
      "state" : {
        "revision" : "05963eb236191a4318cd35ae112d21db895aafa8",
        "version" : "0.2.0"
      }
    },
    {
      "identity" : "swift-collections",
      "kind" : "remoteSourceControl",
      "location" : "https://github.com/apple/swift-collections",
      "state" : {
        "revision" : "a902f1823a7ff3c9ab2fba0f992396b948eda307",
        "version" : "1.0.5"
      }
    },
    {
      "identity" : "tuple-sequences-swift",
      "kind" : "remoteSourceControl",
      "location" : "https://github.com/nixberg/tuple-sequences-swift",
      "state" : {
        "revision" : "437df02bc51c76bdbe400767e24d9ae3bad7207a",
        "version" : "1.1.0"
      }
    }
  ],
  "version" : 2
}
