{
  "pins" : [
    {
      "identity" : "blobby-swift",
      "kind" : "remoteSourceControl",
      "location" : "https://github.com/nixberg/blobby-swift",
      "state" : {
        "revision" : "05963eb236191a4318cd35ae112d21db895aafa8",
        "version" : "0.2.0"
      }
    },
    {
      "identity" : "swift-collections",
      "kind" : "remoteSourceControl",
      "location" : "https://github.com/apple/swift-collections",
      "state" : {
        "revision" : "937e904258d22af6e447a0b72c0bc67583ef64a2",
        "version" : "1.0.4"
      }
    },
    {
      "identity" : "tuple-sequences-swift",
      "kind" : "remoteSourceControl",
      "location" : "https://github.com/nixberg/tuple-sequences-swift",
      "state" : {
        "revision" : "75a2dbf63969ef8a2ff57a4bddc6b913af952c01",
        "version" : "1.0.0"
      }
    }
  ],
  "version" : 2
}
